<?xml version="1.0" encoding="UTF-8" standalone="yes" ?>
<CodeBlocks_project_file>
	<FileVersion major="1" minor="6" />
	<Project>
		<Option title="STD Tubes" />
		<Option pch_mode="2" />
		<Option compiler="gcc" />
		<Build>
			<Target title="Debug">
				<Option output="bin/Debug/STD Tubes" prefix_auto="1" extension_auto="1" />
				<Option object_output="obj/Debug/" />
				<Option type="1" />
				<Option compiler="gcc" />
				<Compiler>
					<Add option="-g" />
				</Compiler>
			</Target>
			<Target title="Release">
				<Option output="bin/Release/STD Tubes" prefix_auto="1" extension_auto="1" />
				<Option object_output="obj/Release/" />
				<Option type="1" />
				<Option compiler="gcc" />
				<Compiler>
					<Add option="-O2" />
				</Compiler>
				<Linker>
					<Add option="-s" />
				</Linker>
			</Target>
		</Build>
		<Compiler>
			<Add option="-Wall" />
			<Add option="-fexceptions" />
		</Compiler>
		<Unit filename="Class.cpp" />
		<Unit filename="Class.h" />
		<Unit filename="DLL.cpp" />
		<Unit filename="DLL.h" />
		<Unit filename="README.md" />
		<Unit filename="STD Tubes.depend" />
		<Unit filename="STD Tubes.layout" />
		<Unit filename="WhatToDo.cpp" />
		<Unit filename="bin/Release/STD Tubes.exe" />
		<Unit filename="control.cpp" />
		<Unit filename="dice.cpp" />
		<Unit filename="dice.h" />
		<Unit filename="enemy.cpp" />
		<Unit filename="enemy.h" />
		<Unit filename="fight.cpp" />
		<Unit filename="fight.h" />
		<Unit filename="inventory.cpp" />
		<Unit filename="inventory.h" />
		<Unit filename="main.cpp" />
		<Unit filename="main.h" />
		<Unit filename="menu.cpp" />
		<Unit filename="menu.h" />
		<Unit filename="obj/Debug/Class.o" />
		<Unit filename="obj/Debug/DLL.o" />
		<Unit filename="obj/Debug/WhatToDo.o" />
		<Unit filename="obj/Debug/control.o" />
		<Unit filename="obj/Debug/dice.o" />
		<Unit filename="obj/Debug/inventory.o" />
		<Unit filename="obj/Debug/main.o" />
		<Unit filename="obj/Debug/menu.o" />
		<Unit filename="obj/Debug/object.o" />
		<Unit filename="obj/Debug/player.o" />
		<Unit filename="obj/Debug/queue.o" />
		<Unit filename="obj/Debug/skill.o" />
		<Unit filename="obj/Release/Class.o" />
		<Unit filename="obj/Release/DLL.o" />
		<Unit filename="obj/Release/WhatToDo.o" />
		<Unit filename="obj/Release/control.o" />
		<Unit filename="obj/Release/dice.o" />
		<Unit filename="obj/Release/enemy.o" />
		<Unit filename="obj/Release/fight.o" />
		<Unit filename="obj/Release/inventory.o" />
		<Unit filename="obj/Release/main.o" />
		<Unit filename="obj/Release/menu.o" />
		<Unit filename="obj/Release/object.o" />
		<Unit filename="obj/Release/player.o" />
		<Unit filename="obj/Release/queue.o" />
		<Unit filename="obj/Release/skill.o" />
		<Unit filename="object.cpp" />
		<Unit filename="object.h" />
		<Unit filename="player.cpp" />
		<Unit filename="player.h" />
		<Unit filename="queue.cpp" />
		<Unit filename="queue.h" />
		<Unit filename="skill.cpp" />
		<Unit filename="skill.h" />
		<Extensions>
			<lib_finder disable_auto="1" />
		</Extensions>
	</Project>
</CodeBlocks_project_file>
